// !$*UTF8*$!
{
	archiveVersion = 1;
	classes = {
	};
	objectVersion = 46;
	objects = {

/* Begin PBXBuildFile section */
		379F6110931CDA2A36CA02D8 /* libPods.a in Frameworks */ = {isa = PBXBuildFile; fileRef = FFC3B2D92A9ECE47B3FC57E6 /* libPods.a */; };
		5B41E92A1C06D23700FA1474 /* Trainer.swift in Sources */ = {isa = PBXBuildFile; fileRef = 5B41E9291C06D23700FA1474 /* Trainer.swift */; };
		5B41E92E1C0BF22800FA1474 /* LoadView.xib in Resources */ = {isa = PBXBuildFile; fileRef = 5B41E92D1C0BF22800FA1474 /* LoadView.xib */; };
		5B4E82B11C7EA56000E97000 /* DrawSeperationLineView.swift in Sources */ = {isa = PBXBuildFile; fileRef = 5B4E82B01C7EA56000E97000 /* DrawSeperationLineView.swift */; };
		5B4FE88D1BC4AB5B0057278F /* AppDelegate.swift in Sources */ = {isa = PBXBuildFile; fileRef = 5B4FE88C1BC4AB5B0057278F /* AppDelegate.swift */; };
		5B4FE8921BC4AB5B0057278F /* Main.storyboard in Resources */ = {isa = PBXBuildFile; fileRef = 5B4FE8901BC4AB5B0057278F /* Main.storyboard */; };
		5B4FE8941BC4AB5B0057278F /* Images.xcassets in Resources */ = {isa = PBXBuildFile; fileRef = 5B4FE8931BC4AB5B0057278F /* Images.xcassets */; };
		5B4FE8971BC4AB5B0057278F /* LaunchScreen.xib in Resources */ = {isa = PBXBuildFile; fileRef = 5B4FE8951BC4AB5B0057278F /* LaunchScreen.xib */; };
		5B4FE8A31BC4AB5B0057278F /* FindemBetaTests.swift in Sources */ = {isa = PBXBuildFile; fileRef = 5B4FE8A21BC4AB5B0057278F /* FindemBetaTests.swift */; };
		5B4FE8AF1BC4ACAC0057278F /* Bolts.framework in Frameworks */ = {isa = PBXBuildFile; fileRef = 5B4FE8AC1BC4ACAC0057278F /* Bolts.framework */; };
		5B4FE8B01BC4ACAC0057278F /* Parse.framework in Frameworks */ = {isa = PBXBuildFile; fileRef = 5B4FE8AD1BC4ACAC0057278F /* Parse.framework */; };
		5B4FE8B31BC4ADC40057278F /* AudioToolbox.framework in Frameworks */ = {isa = PBXBuildFile; fileRef = 5B4FE8B21BC4ADC40057278F /* AudioToolbox.framework */; };
		5B4FE8B51BC4ADCF0057278F /* CFNetwork.framework in Frameworks */ = {isa = PBXBuildFile; fileRef = 5B4FE8B41BC4ADCF0057278F /* CFNetwork.framework */; };
		5B4FE8B71BC4ADD50057278F /* CoreGraphics.framework in Frameworks */ = {isa = PBXBuildFile; fileRef = 5B4FE8B61BC4ADD50057278F /* CoreGraphics.framework */; };
		5B4FE8B91BC4ADDC0057278F /* CoreLocation.framework in Frameworks */ = {isa = PBXBuildFile; fileRef = 5B4FE8B81BC4ADDC0057278F /* CoreLocation.framework */; };
		5B4FE8BB1BC4ADE90057278F /* QuartzCore.framework in Frameworks */ = {isa = PBXBuildFile; fileRef = 5B4FE8BA1BC4ADE90057278F /* QuartzCore.framework */; };
		5B4FE8BD1BC4ADF50057278F /* Security.framework in Frameworks */ = {isa = PBXBuildFile; fileRef = 5B4FE8BC1BC4ADF50057278F /* Security.framework */; };
		5B4FE8BF1BC4ADFB0057278F /* StoreKit.framework in Frameworks */ = {isa = PBXBuildFile; fileRef = 5B4FE8BE1BC4ADFB0057278F /* StoreKit.framework */; };
		5B4FE8C11BC4AE020057278F /* SystemConfiguration.framework in Frameworks */ = {isa = PBXBuildFile; fileRef = 5B4FE8C01BC4AE020057278F /* SystemConfiguration.framework */; };
		5B4FE8C31BC4AE0D0057278F /* libz.dylib in Frameworks */ = {isa = PBXBuildFile; fileRef = 5B4FE8C21BC4AE0D0057278F /* libz.dylib */; };
		5B4FE8C51BC4AE2C0057278F /* libsqlite3.dylib in Frameworks */ = {isa = PBXBuildFile; fileRef = 5B4FE8C41BC4AE2C0057278F /* libsqlite3.dylib */; };
		5B4FE8C91BC4B9D10057278F /* FBSDKCoreKit.framework in Frameworks */ = {isa = PBXBuildFile; fileRef = 5B4FE8C71BC4B9D10057278F /* FBSDKCoreKit.framework */; };
		5B4FE8CA1BC4B9D10057278F /* FBSDKLoginKit.framework in Frameworks */ = {isa = PBXBuildFile; fileRef = 5B4FE8C81BC4B9D10057278F /* FBSDKLoginKit.framework */; };
		5B5982BF1C7D2D4B0080D592 /* MobileProfileTableViewCell.swift in Sources */ = {isa = PBXBuildFile; fileRef = 5B5982BE1C7D2D4B0080D592 /* MobileProfileTableViewCell.swift */; };
		5BACC66A1BE6C28E00EB4972 /* StartUpViewController.swift in Sources */ = {isa = PBXBuildFile; fileRef = 5BACC6691BE6C28E00EB4972 /* StartUpViewController.swift */; };
		5BACC66C1BE6C2F800EB4972 /* LoginViewController.swift in Sources */ = {isa = PBXBuildFile; fileRef = 5BACC66B1BE6C2F800EB4972 /* LoginViewController.swift */; };
		5BACC6711BE6EB2F00EB4972 /* ParseFacebookUtilsV4.framework in Frameworks */ = {isa = PBXBuildFile; fileRef = 5BACC6701BE6EB2F00EB4972 /* ParseFacebookUtilsV4.framework */; };
		5BACC6731BE7149500EB4972 /* TrainerHomeViewController.swift in Sources */ = {isa = PBXBuildFile; fileRef = 5BACC6721BE7149500EB4972 /* TrainerHomeViewController.swift */; };
		5BDD9DB11C0FC364006CF0BF /* FinderRefineSearchViewController.swift in Sources */ = {isa = PBXBuildFile; fileRef = 5BDD9DB01C0FC364006CF0BF /* FinderRefineSearchViewController.swift */; };
		5BE0A0D71BFD367B00F5A3D4 /* TrainerOtherViewController.swift in Sources */ = {isa = PBXBuildFile; fileRef = 5BE0A0D61BFD367B00F5A3D4 /* TrainerOtherViewController.swift */; };
		5BE0A0D91BFD37E100F5A3D4 /* SixthTableViewCell.swift in Sources */ = {isa = PBXBuildFile; fileRef = 5BE0A0D81BFD37E100F5A3D4 /* SixthTableViewCell.swift */; };
		5BE6E5411BFBDE23001BA5F7 /* TrainerDescriptionViewController.swift in Sources */ = {isa = PBXBuildFile; fileRef = 5BE6E5401BFBDE23001BA5F7 /* TrainerDescriptionViewController.swift */; };
		5BE6E5431BFBED03001BA5F7 /* FifthTableViewCell.swift in Sources */ = {isa = PBXBuildFile; fileRef = 5BE6E5421BFBED03001BA5F7 /* FifthTableViewCell.swift */; };
		5BE7D1481C869B040030A0B1 /* FirstTrainerProfileTableViewCell.swift in Sources */ = {isa = PBXBuildFile; fileRef = 5BE7D1471C869B040030A0B1 /* FirstTrainerProfileTableViewCell.swift */; };
		5BE7D14A1C869B190030A0B1 /* SecondTrainerProfileTableViewCell.swift in Sources */ = {isa = PBXBuildFile; fileRef = 5BE7D1491C869B190030A0B1 /* SecondTrainerProfileTableViewCell.swift */; };
		5BE868D91BE95F3D00A9B256 /* User.swift in Sources */ = {isa = PBXBuildFile; fileRef = 5BE868D81BE95F3D00A9B256 /* User.swift */; };
		5BE879E01C068AA900D783D0 /* FinderSearchResultViewController.swift in Sources */ = {isa = PBXBuildFile; fileRef = 5BE879DF1C068AA900D783D0 /* FinderSearchResultViewController.swift */; };
		5BE879E21C068C0F00D783D0 /* SearchResultTableViewCell.swift in Sources */ = {isa = PBXBuildFile; fileRef = 5BE879E11C068C0F00D783D0 /* SearchResultTableViewCell.swift */; };
		5BE9625E1BF48F3E00E9C2FD /* TrainerQualificationsViewController.swift in Sources */ = {isa = PBXBuildFile; fileRef = 5BE9625D1BF48F3E00E9C2FD /* TrainerQualificationsViewController.swift */; };
		5BE962601BF492EC00E9C2FD /* QualificationsTableViewCell.swift in Sources */ = {isa = PBXBuildFile; fileRef = 5BE9625F1BF492EC00E9C2FD /* QualificationsTableViewCell.swift */; };
		5BE9FFB41C02B7BA009A2E28 /* FinderSearchViewController.swift in Sources */ = {isa = PBXBuildFile; fileRef = 5BE9FFB31C02B7BA009A2E28 /* FinderSearchViewController.swift */; };
		5BEBB6811BF1911500B60CF2 /* TrainerTrainingTypesViewController.swift in Sources */ = {isa = PBXBuildFile; fileRef = 5BEBB6801BF1911500B60CF2 /* TrainerTrainingTypesViewController.swift */; };
		5BEBB6831BF1943100B60CF2 /* TrainingTableViewCell.swift in Sources */ = {isa = PBXBuildFile; fileRef = 5BEBB6821BF1943100B60CF2 /* TrainingTableViewCell.swift */; };
		5BED7B071C1E7B140015B38D /* ChatViewController.swift in Sources */ = {isa = PBXBuildFile; fileRef = 5BED7B061C1E7B140015B38D /* ChatViewController.swift */; };
		5BED7D871C62C0FC00CFF9B3 /* EighthTableViewCell.swift in Sources */ = {isa = PBXBuildFile; fileRef = 5BED7D861C62C0FC00CFF9B3 /* EighthTableViewCell.swift */; };
		5BED7D891C62CF0900CFF9B3 /* TrainerSocialNetworkingViewController.swift in Sources */ = {isa = PBXBuildFile; fileRef = 5BED7D881C62CF0900CFF9B3 /* TrainerSocialNetworkingViewController.swift */; };
		5BEDB38E1C39D442005A80E7 /* SlidingMenu.xib in Resources */ = {isa = PBXBuildFile; fileRef = 5BEDB38D1C39D442005A80E7 /* SlidingMenu.xib */; };
		5BEDB3901C39D543005A80E7 /* FinderSlidingMenu.swift in Sources */ = {isa = PBXBuildFile; fileRef = 5BEDB38F1C39D543005A80E7 /* FinderSlidingMenu.swift */; };
		5BEE24C01BF99EC500BBC10E /* FourthTableViewCell.swift in Sources */ = {isa = PBXBuildFile; fileRef = 5BEE24BF1BF99EC500BBC10E /* FourthTableViewCell.swift */; };
		5BEE24C21BF9A7ED00BBC10E /* TrainerRegionViewController.swift in Sources */ = {isa = PBXBuildFile; fileRef = 5BEE24C11BF9A7ED00BBC10E /* TrainerRegionViewController.swift */; };
		5BEE43B01C682A9800AC5D9B /* ClubProfileTableViewCell.swift in Sources */ = {isa = PBXBuildFile; fileRef = 5BEE43AF1C682A9800AC5D9B /* ClubProfileTableViewCell.swift */; };
		5BEE43B21C682F2B00AC5D9B /* TrainerClubViewController.swift in Sources */ = {isa = PBXBuildFile; fileRef = 5BEE43B11C682F2B00AC5D9B /* TrainerClubViewController.swift */; };
		5BEE63911C7176EC003E89A6 /* FinderSelectTrainerTypeViewController.swift in Sources */ = {isa = PBXBuildFile; fileRef = 5BEE63901C7176EC003E89A6 /* FinderSelectTrainerTypeViewController.swift */; };
		5BEE63931C73FC54003E89A6 /* TrainerInAppPurchaseViewController.swift in Sources */ = {isa = PBXBuildFile; fileRef = 5BEE63921C73FC54003E89A6 /* TrainerInAppPurchaseViewController.swift */; };
		5BEE63951C73FD14003E89A6 /* InAppPurchaseTableViewCell.swift in Sources */ = {isa = PBXBuildFile; fileRef = 5BEE63941C73FD14003E89A6 /* InAppPurchaseTableViewCell.swift */; };
		5BEE63971C7BCA68003E89A6 /* FinderConnectionViewController.swift in Sources */ = {isa = PBXBuildFile; fileRef = 5BEE63961C7BCA67003E89A6 /* FinderConnectionViewController.swift */; };
		5BF007171C1A45E200E3961A /* MessagesTableViewCell.swift in Sources */ = {isa = PBXBuildFile; fileRef = 5BF007161C1A45E200E3961A /* MessagesTableViewCell.swift */; };
		5BF007191C1A667500E3961A /* Connection.swift in Sources */ = {isa = PBXBuildFile; fileRef = 5BF007181C1A667500E3961A /* Connection.swift */; };
		5BF0071B1C1A967E00E3961A /* TrainerMessagesViewController.swift in Sources */ = {isa = PBXBuildFile; fileRef = 5BF0071A1C1A967E00E3961A /* TrainerMessagesViewController.swift */; };
		5BF138281C3C7BC20060E57A /* FinderMessagesViewController.swift in Sources */ = {isa = PBXBuildFile; fileRef = 5BF138271C3C7BC20060E57A /* FinderMessagesViewController.swift */; };
		5BF221371C18525C001ADCDE /* FinderTrainerProfileViewController.swift in Sources */ = {isa = PBXBuildFile; fileRef = 5BF221361C18525C001ADCDE /* FinderTrainerProfileViewController.swift */; };
		5BF325481C475ED2002C096A /* SeventhTableViewCell.swift in Sources */ = {isa = PBXBuildFile; fileRef = 5BF325471C475ED2002C096A /* SeventhTableViewCell.swift */; };
		5BF3254C1C477997002C096A /* TrainerSessionTimesViewController.swift in Sources */ = {isa = PBXBuildFile; fileRef = 5BF3254B1C477997002C096A /* TrainerSessionTimesViewController.swift */; };
		5BF4176F1C20E30D00EC9AB5 /* Message.swift in Sources */ = {isa = PBXBuildFile; fileRef = 5BF4176E1C20E30D00EC9AB5 /* Message.swift */; };
		5BF426FC1C2789B600271569 /* FinderMessageTableViewCell.swift in Sources */ = {isa = PBXBuildFile; fileRef = 5BF426FB1C2789B600271569 /* FinderMessageTableViewCell.swift */; };
		5BF437EC1C0E74CD00828023 /* SearchCollectionViewCell.swift in Sources */ = {isa = PBXBuildFile; fileRef = 5BF437EB1C0E74CD00828023 /* SearchCollectionViewCell.swift */; };
		5BF98CFF1BF04EF2008DA586 /* FirstTableViewCell.swift in Sources */ = {isa = PBXBuildFile; fileRef = 5BF98CFE1BF04EF2008DA586 /* FirstTableViewCell.swift */; };
		5BF98D011BF04F04008DA586 /* SecondTableViewCell.swift in Sources */ = {isa = PBXBuildFile; fileRef = 5BF98D001BF04F04008DA586 /* SecondTableViewCell.swift */; };
		5BF98D031BF04F1D008DA586 /* ThirdTableViewCell.swift in Sources */ = {isa = PBXBuildFile; fileRef = 5BF98D021BF04F1D008DA586 /* ThirdTableViewCell.swift */; };
		5BF98D071BF05FF0008DA586 /* TrainerProfileViewController.swift in Sources */ = {isa = PBXBuildFile; fileRef = 5BF98D061BF05FEF008DA586 /* TrainerProfileViewController.swift */; };
		5BF98D091BF06FDE008DA586 /* TrainerProfileGeneralViewController.swift in Sources */ = {isa = PBXBuildFile; fileRef = 5BF98D081BF06FDE008DA586 /* TrainerProfileGeneralViewController.swift */; };
/* End PBXBuildFile section */

/* Begin PBXContainerItemProxy section */
		5B4FE89D1BC4AB5B0057278F /* PBXContainerItemProxy */ = {
			isa = PBXContainerItemProxy;
			containerPortal = 5B4FE87F1BC4AB5B0057278F /* Project object */;
			proxyType = 1;
			remoteGlobalIDString = 5B4FE8861BC4AB5B0057278F;
			remoteInfo = FindemBeta;
		};
/* End PBXContainerItemProxy section */

/* Begin PBXFileReference section */
		52046C08898C9B064E4AF239 /* Pods.release.xcconfig */ = {isa = PBXFileReference; includeInIndex = 1; lastKnownFileType = text.xcconfig; name = Pods.release.xcconfig; path = "Pods/Target Support Files/Pods/Pods.release.xcconfig"; sourceTree = "<group>"; };
		5B41E9291C06D23700FA1474 /* Trainer.swift */ = {isa = PBXFileReference; fileEncoding = 4; lastKnownFileType = sourcecode.swift; path = Trainer.swift; sourceTree = "<group>"; };
		5B41E92D1C0BF22800FA1474 /* LoadView.xib */ = {isa = PBXFileReference; fileEncoding = 4; lastKnownFileType = file.xib; path = LoadView.xib; sourceTree = "<group>"; };
		5B4E82B01C7EA56000E97000 /* DrawSeperationLineView.swift */ = {isa = PBXFileReference; fileEncoding = 4; lastKnownFileType = sourcecode.swift; path = DrawSeperationLineView.swift; sourceTree = "<group>"; };
		5B4FE8871BC4AB5B0057278F /* FindemBeta.app */ = {isa = PBXFileReference; explicitFileType = wrapper.application; includeInIndex = 0; path = FindemBeta.app; sourceTree = BUILT_PRODUCTS_DIR; };
		5B4FE88B1BC4AB5B0057278F /* Info.plist */ = {isa = PBXFileReference; lastKnownFileType = text.plist.xml; path = Info.plist; sourceTree = "<group>"; };
		5B4FE88C1BC4AB5B0057278F /* AppDelegate.swift */ = {isa = PBXFileReference; lastKnownFileType = sourcecode.swift; path = AppDelegate.swift; sourceTree = "<group>"; };
		5B4FE8911BC4AB5B0057278F /* Base */ = {isa = PBXFileReference; lastKnownFileType = file.storyboard; name = Base; path = Base.lproj/Main.storyboard; sourceTree = "<group>"; };
		5B4FE8931BC4AB5B0057278F /* Images.xcassets */ = {isa = PBXFileReference; lastKnownFileType = folder.assetcatalog; path = Images.xcassets; sourceTree = "<group>"; };
		5B4FE8961BC4AB5B0057278F /* Base */ = {isa = PBXFileReference; lastKnownFileType = file.xib; name = Base; path = Base.lproj/LaunchScreen.xib; sourceTree = "<group>"; };
		5B4FE89C1BC4AB5B0057278F /* FindemBetaTests.xctest */ = {isa = PBXFileReference; explicitFileType = wrapper.cfbundle; includeInIndex = 0; path = FindemBetaTests.xctest; sourceTree = BUILT_PRODUCTS_DIR; };
		5B4FE8A11BC4AB5B0057278F /* Info.plist */ = {isa = PBXFileReference; lastKnownFileType = text.plist.xml; path = Info.plist; sourceTree = "<group>"; };
		5B4FE8A21BC4AB5B0057278F /* FindemBetaTests.swift */ = {isa = PBXFileReference; lastKnownFileType = sourcecode.swift; path = FindemBetaTests.swift; sourceTree = "<group>"; };
		5B4FE8AC1BC4ACAC0057278F /* Bolts.framework */ = {isa = PBXFileReference; lastKnownFileType = wrapper.framework; path = Bolts.framework; sourceTree = "<group>"; };
		5B4FE8AD1BC4ACAC0057278F /* Parse.framework */ = {isa = PBXFileReference; lastKnownFileType = wrapper.framework; path = Parse.framework; sourceTree = "<group>"; };
		5B4FE8B21BC4ADC40057278F /* AudioToolbox.framework */ = {isa = PBXFileReference; lastKnownFileType = wrapper.framework; name = AudioToolbox.framework; path = System/Library/Frameworks/AudioToolbox.framework; sourceTree = SDKROOT; };
		5B4FE8B41BC4ADCF0057278F /* CFNetwork.framework */ = {isa = PBXFileReference; lastKnownFileType = wrapper.framework; name = CFNetwork.framework; path = System/Library/Frameworks/CFNetwork.framework; sourceTree = SDKROOT; };
		5B4FE8B61BC4ADD50057278F /* CoreGraphics.framework */ = {isa = PBXFileReference; lastKnownFileType = wrapper.framework; name = CoreGraphics.framework; path = System/Library/Frameworks/CoreGraphics.framework; sourceTree = SDKROOT; };
		5B4FE8B81BC4ADDC0057278F /* CoreLocation.framework */ = {isa = PBXFileReference; lastKnownFileType = wrapper.framework; name = CoreLocation.framework; path = System/Library/Frameworks/CoreLocation.framework; sourceTree = SDKROOT; };
		5B4FE8BA1BC4ADE90057278F /* QuartzCore.framework */ = {isa = PBXFileReference; lastKnownFileType = wrapper.framework; name = QuartzCore.framework; path = System/Library/Frameworks/QuartzCore.framework; sourceTree = SDKROOT; };
		5B4FE8BC1BC4ADF50057278F /* Security.framework */ = {isa = PBXFileReference; lastKnownFileType = wrapper.framework; name = Security.framework; path = System/Library/Frameworks/Security.framework; sourceTree = SDKROOT; };
		5B4FE8BE1BC4ADFB0057278F /* StoreKit.framework */ = {isa = PBXFileReference; lastKnownFileType = wrapper.framework; name = StoreKit.framework; path = System/Library/Frameworks/StoreKit.framework; sourceTree = SDKROOT; };
		5B4FE8C01BC4AE020057278F /* SystemConfiguration.framework */ = {isa = PBXFileReference; lastKnownFileType = wrapper.framework; name = SystemConfiguration.framework; path = System/Library/Frameworks/SystemConfiguration.framework; sourceTree = SDKROOT; };
		5B4FE8C21BC4AE0D0057278F /* libz.dylib */ = {isa = PBXFileReference; lastKnownFileType = "compiled.mach-o.dylib"; name = libz.dylib; path = usr/lib/libz.dylib; sourceTree = SDKROOT; };
		5B4FE8C41BC4AE2C0057278F /* libsqlite3.dylib */ = {isa = PBXFileReference; lastKnownFileType = "compiled.mach-o.dylib"; name = libsqlite3.dylib; path = usr/lib/libsqlite3.dylib; sourceTree = SDKROOT; };
		5B4FE8C71BC4B9D10057278F /* FBSDKCoreKit.framework */ = {isa = PBXFileReference; lastKnownFileType = wrapper.framework; path = FBSDKCoreKit.framework; sourceTree = "<group>"; };
		5B4FE8C81BC4B9D10057278F /* FBSDKLoginKit.framework */ = {isa = PBXFileReference; lastKnownFileType = wrapper.framework; path = FBSDKLoginKit.framework; sourceTree = "<group>"; };
		5B5982BE1C7D2D4B0080D592 /* MobileProfileTableViewCell.swift */ = {isa = PBXFileReference; fileEncoding = 4; lastKnownFileType = sourcecode.swift; path = MobileProfileTableViewCell.swift; sourceTree = "<group>"; };
		5BACC6691BE6C28E00EB4972 /* StartUpViewController.swift */ = {isa = PBXFileReference; fileEncoding = 4; lastKnownFileType = sourcecode.swift; path = StartUpViewController.swift; sourceTree = "<group>"; };
		5BACC66B1BE6C2F800EB4972 /* LoginViewController.swift */ = {isa = PBXFileReference; fileEncoding = 4; lastKnownFileType = sourcecode.swift; path = LoginViewController.swift; sourceTree = "<group>"; };
		5BACC6701BE6EB2F00EB4972 /* ParseFacebookUtilsV4.framework */ = {isa = PBXFileReference; lastKnownFileType = wrapper.framework; path = ParseFacebookUtilsV4.framework; sourceTree = "<group>"; };
		5BACC6721BE7149500EB4972 /* TrainerHomeViewController.swift */ = {isa = PBXFileReference; fileEncoding = 4; lastKnownFileType = sourcecode.swift; path = TrainerHomeViewController.swift; sourceTree = "<group>"; };
		5BDD9DB01C0FC364006CF0BF /* FinderRefineSearchViewController.swift */ = {isa = PBXFileReference; fileEncoding = 4; lastKnownFileType = sourcecode.swift; path = FinderRefineSearchViewController.swift; sourceTree = "<group>"; };
		5BE0A0D61BFD367B00F5A3D4 /* TrainerOtherViewController.swift */ = {isa = PBXFileReference; fileEncoding = 4; lastKnownFileType = sourcecode.swift; path = TrainerOtherViewController.swift; sourceTree = "<group>"; };
		5BE0A0D81BFD37E100F5A3D4 /* SixthTableViewCell.swift */ = {isa = PBXFileReference; fileEncoding = 4; lastKnownFileType = sourcecode.swift; path = SixthTableViewCell.swift; sourceTree = "<group>"; };
		5BE6E5401BFBDE23001BA5F7 /* TrainerDescriptionViewController.swift */ = {isa = PBXFileReference; fileEncoding = 4; lastKnownFileType = sourcecode.swift; path = TrainerDescriptionViewController.swift; sourceTree = "<group>"; };
		5BE6E5421BFBED03001BA5F7 /* FifthTableViewCell.swift */ = {isa = PBXFileReference; fileEncoding = 4; lastKnownFileType = sourcecode.swift; path = FifthTableViewCell.swift; sourceTree = "<group>"; };
		5BE7D1471C869B040030A0B1 /* FirstTrainerProfileTableViewCell.swift */ = {isa = PBXFileReference; fileEncoding = 4; lastKnownFileType = sourcecode.swift; path = FirstTrainerProfileTableViewCell.swift; sourceTree = "<group>"; };
		5BE7D1491C869B190030A0B1 /* SecondTrainerProfileTableViewCell.swift */ = {isa = PBXFileReference; fileEncoding = 4; lastKnownFileType = sourcecode.swift; path = SecondTrainerProfileTableViewCell.swift; sourceTree = "<group>"; };
		5BE868D81BE95F3D00A9B256 /* User.swift */ = {isa = PBXFileReference; fileEncoding = 4; lastKnownFileType = sourcecode.swift; path = User.swift; sourceTree = "<group>"; };
		5BE879DF1C068AA900D783D0 /* FinderSearchResultViewController.swift */ = {isa = PBXFileReference; fileEncoding = 4; lastKnownFileType = sourcecode.swift; path = FinderSearchResultViewController.swift; sourceTree = "<group>"; };
		5BE879E11C068C0F00D783D0 /* SearchResultTableViewCell.swift */ = {isa = PBXFileReference; fileEncoding = 4; lastKnownFileType = sourcecode.swift; path = SearchResultTableViewCell.swift; sourceTree = "<group>"; };
		5BE9625D1BF48F3E00E9C2FD /* TrainerQualificationsViewController.swift */ = {isa = PBXFileReference; fileEncoding = 4; lastKnownFileType = sourcecode.swift; path = TrainerQualificationsViewController.swift; sourceTree = "<group>"; };
		5BE9625F1BF492EC00E9C2FD /* QualificationsTableViewCell.swift */ = {isa = PBXFileReference; fileEncoding = 4; lastKnownFileType = sourcecode.swift; path = QualificationsTableViewCell.swift; sourceTree = "<group>"; };
		5BE9FFB31C02B7BA009A2E28 /* FinderSearchViewController.swift */ = {isa = PBXFileReference; fileEncoding = 4; lastKnownFileType = sourcecode.swift; path = FinderSearchViewController.swift; sourceTree = "<group>"; };
		5BEBB6801BF1911500B60CF2 /* TrainerTrainingTypesViewController.swift */ = {isa = PBXFileReference; fileEncoding = 4; lastKnownFileType = sourcecode.swift; path = TrainerTrainingTypesViewController.swift; sourceTree = "<group>"; };
		5BEBB6821BF1943100B60CF2 /* TrainingTableViewCell.swift */ = {isa = PBXFileReference; fileEncoding = 4; lastKnownFileType = sourcecode.swift; path = TrainingTableViewCell.swift; sourceTree = "<group>"; };
		5BED451A1C1FC5470077E80F /* Bridging-Header.h */ = {isa = PBXFileReference; lastKnownFileType = sourcecode.c.h; path = "Bridging-Header.h"; sourceTree = "<group>"; };
		5BED7B061C1E7B140015B38D /* ChatViewController.swift */ = {isa = PBXFileReference; fileEncoding = 4; lastKnownFileType = sourcecode.swift; path = ChatViewController.swift; sourceTree = "<group>"; };
		5BED7D861C62C0FC00CFF9B3 /* EighthTableViewCell.swift */ = {isa = PBXFileReference; fileEncoding = 4; lastKnownFileType = sourcecode.swift; path = EighthTableViewCell.swift; sourceTree = "<group>"; };
		5BED7D881C62CF0900CFF9B3 /* TrainerSocialNetworkingViewController.swift */ = {isa = PBXFileReference; fileEncoding = 4; lastKnownFileType = sourcecode.swift; path = TrainerSocialNetworkingViewController.swift; sourceTree = "<group>"; };
		5BEDB38D1C39D442005A80E7 /* SlidingMenu.xib */ = {isa = PBXFileReference; fileEncoding = 4; lastKnownFileType = file.xib; path = SlidingMenu.xib; sourceTree = "<group>"; };
		5BEDB38F1C39D543005A80E7 /* FinderSlidingMenu.swift */ = {isa = PBXFileReference; fileEncoding = 4; lastKnownFileType = sourcecode.swift; path = FinderSlidingMenu.swift; sourceTree = "<group>"; };
		5BEE24BF1BF99EC500BBC10E /* FourthTableViewCell.swift */ = {isa = PBXFileReference; fileEncoding = 4; lastKnownFileType = sourcecode.swift; path = FourthTableViewCell.swift; sourceTree = "<group>"; };
		5BEE24C11BF9A7ED00BBC10E /* TrainerRegionViewController.swift */ = {isa = PBXFileReference; fileEncoding = 4; lastKnownFileType = sourcecode.swift; path = TrainerRegionViewController.swift; sourceTree = "<group>"; };
		5BEE43AF1C682A9800AC5D9B /* ClubProfileTableViewCell.swift */ = {isa = PBXFileReference; fileEncoding = 4; lastKnownFileType = sourcecode.swift; path = ClubProfileTableViewCell.swift; sourceTree = "<group>"; };
		5BEE43B11C682F2B00AC5D9B /* TrainerClubViewController.swift */ = {isa = PBXFileReference; fileEncoding = 4; lastKnownFileType = sourcecode.swift; path = TrainerClubViewController.swift; sourceTree = "<group>"; };
		5BEE63901C7176EC003E89A6 /* FinderSelectTrainerTypeViewController.swift */ = {isa = PBXFileReference; fileEncoding = 4; lastKnownFileType = sourcecode.swift; path = FinderSelectTrainerTypeViewController.swift; sourceTree = "<group>"; };
		5BEE63921C73FC54003E89A6 /* TrainerInAppPurchaseViewController.swift */ = {isa = PBXFileReference; fileEncoding = 4; lastKnownFileType = sourcecode.swift; path = TrainerInAppPurchaseViewController.swift; sourceTree = "<group>"; };
		5BEE63941C73FD14003E89A6 /* InAppPurchaseTableViewCell.swift */ = {isa = PBXFileReference; fileEncoding = 4; lastKnownFileType = sourcecode.swift; path = InAppPurchaseTableViewCell.swift; sourceTree = "<group>"; };
		5BEE63961C7BCA67003E89A6 /* FinderConnectionViewController.swift */ = {isa = PBXFileReference; fileEncoding = 4; lastKnownFileType = sourcecode.swift; path = FinderConnectionViewController.swift; sourceTree = "<group>"; };
		5BF007161C1A45E200E3961A /* MessagesTableViewCell.swift */ = {isa = PBXFileReference; fileEncoding = 4; lastKnownFileType = sourcecode.swift; path = MessagesTableViewCell.swift; sourceTree = "<group>"; };
		5BF007181C1A667500E3961A /* Connection.swift */ = {isa = PBXFileReference; fileEncoding = 4; lastKnownFileType = sourcecode.swift; path = Connection.swift; sourceTree = "<group>"; };
		5BF0071A1C1A967E00E3961A /* TrainerMessagesViewController.swift */ = {isa = PBXFileReference; fileEncoding = 4; lastKnownFileType = sourcecode.swift; path = TrainerMessagesViewController.swift; sourceTree = "<group>"; };
		5BF138271C3C7BC20060E57A /* FinderMessagesViewController.swift */ = {isa = PBXFileReference; fileEncoding = 4; lastKnownFileType = sourcecode.swift; path = FinderMessagesViewController.swift; sourceTree = "<group>"; };
		5BF221361C18525C001ADCDE /* FinderTrainerProfileViewController.swift */ = {isa = PBXFileReference; fileEncoding = 4; lastKnownFileType = sourcecode.swift; path = FinderTrainerProfileViewController.swift; sourceTree = "<group>"; };
		5BF325471C475ED2002C096A /* SeventhTableViewCell.swift */ = {isa = PBXFileReference; fileEncoding = 4; lastKnownFileType = sourcecode.swift; path = SeventhTableViewCell.swift; sourceTree = "<group>"; };
		5BF3254B1C477997002C096A /* TrainerSessionTimesViewController.swift */ = {isa = PBXFileReference; fileEncoding = 4; lastKnownFileType = sourcecode.swift; path = TrainerSessionTimesViewController.swift; sourceTree = "<group>"; };
		5BF4176E1C20E30D00EC9AB5 /* Message.swift */ = {isa = PBXFileReference; fileEncoding = 4; lastKnownFileType = sourcecode.swift; path = Message.swift; sourceTree = "<group>"; };
		5BF426FB1C2789B600271569 /* FinderMessageTableViewCell.swift */ = {isa = PBXFileReference; fileEncoding = 4; lastKnownFileType = sourcecode.swift; path = FinderMessageTableViewCell.swift; sourceTree = "<group>"; };
		5BF437EB1C0E74CD00828023 /* SearchCollectionViewCell.swift */ = {isa = PBXFileReference; fileEncoding = 4; lastKnownFileType = sourcecode.swift; path = SearchCollectionViewCell.swift; sourceTree = "<group>"; };
		5BF98CFE1BF04EF2008DA586 /* FirstTableViewCell.swift */ = {isa = PBXFileReference; fileEncoding = 4; lastKnownFileType = sourcecode.swift; path = FirstTableViewCell.swift; sourceTree = "<group>"; };
		5BF98D001BF04F04008DA586 /* SecondTableViewCell.swift */ = {isa = PBXFileReference; fileEncoding = 4; lastKnownFileType = sourcecode.swift; path = SecondTableViewCell.swift; sourceTree = "<group>"; };
		5BF98D021BF04F1D008DA586 /* ThirdTableViewCell.swift */ = {isa = PBXFileReference; fileEncoding = 4; lastKnownFileType = sourcecode.swift; path = ThirdTableViewCell.swift; sourceTree = "<group>"; };
		5BF98D061BF05FEF008DA586 /* TrainerProfileViewController.swift */ = {isa = PBXFileReference; fileEncoding = 4; lastKnownFileType = sourcecode.swift; path = TrainerProfileViewController.swift; sourceTree = "<group>"; };
		5BF98D081BF06FDE008DA586 /* TrainerProfileGeneralViewController.swift */ = {isa = PBXFileReference; fileEncoding = 4; lastKnownFileType = sourcecode.swift; path = TrainerProfileGeneralViewController.swift; sourceTree = "<group>"; };
		64F381AAE420008001B001F0 /* Pods.debug.xcconfig */ = {isa = PBXFileReference; includeInIndex = 1; lastKnownFileType = text.xcconfig; name = Pods.debug.xcconfig; path = "Pods/Target Support Files/Pods/Pods.debug.xcconfig"; sourceTree = "<group>"; };
		FFC3B2D92A9ECE47B3FC57E6 /* libPods.a */ = {isa = PBXFileReference; explicitFileType = archive.ar; includeInIndex = 0; path = libPods.a; sourceTree = BUILT_PRODUCTS_DIR; };
/* End PBXFileReference section */

/* Begin PBXFrameworksBuildPhase section */
		5B4FE8841BC4AB5B0057278F /* Frameworks */ = {
			isa = PBXFrameworksBuildPhase;
			buildActionMask = 2147483647;
			files = (
				5B4FE8C51BC4AE2C0057278F /* libsqlite3.dylib in Frameworks */,
				5B4FE8C31BC4AE0D0057278F /* libz.dylib in Frameworks */,
				5B4FE8CA1BC4B9D10057278F /* FBSDKLoginKit.framework in Frameworks */,
				5B4FE8C11BC4AE020057278F /* SystemConfiguration.framework in Frameworks */,
				5B4FE8BF1BC4ADFB0057278F /* StoreKit.framework in Frameworks */,
				5B4FE8BD1BC4ADF50057278F /* Security.framework in Frameworks */,
				5B4FE8BB1BC4ADE90057278F /* QuartzCore.framework in Frameworks */,
				5B4FE8B91BC4ADDC0057278F /* CoreLocation.framework in Frameworks */,
				5B4FE8B71BC4ADD50057278F /* CoreGraphics.framework in Frameworks */,
				5B4FE8B51BC4ADCF0057278F /* CFNetwork.framework in Frameworks */,
				5BACC6711BE6EB2F00EB4972 /* ParseFacebookUtilsV4.framework in Frameworks */,
				5B4FE8B31BC4ADC40057278F /* AudioToolbox.framework in Frameworks */,
				5B4FE8B01BC4ACAC0057278F /* Parse.framework in Frameworks */,
				5B4FE8C91BC4B9D10057278F /* FBSDKCoreKit.framework in Frameworks */,
				5B4FE8AF1BC4ACAC0057278F /* Bolts.framework in Frameworks */,
				379F6110931CDA2A36CA02D8 /* libPods.a in Frameworks */,
			);
			runOnlyForDeploymentPostprocessing = 0;
		};
		5B4FE8991BC4AB5B0057278F /* Frameworks */ = {
			isa = PBXFrameworksBuildPhase;
			buildActionMask = 2147483647;
			files = (
			);
			runOnlyForDeploymentPostprocessing = 0;
		};
/* End PBXFrameworksBuildPhase section */

/* Begin PBXGroup section */
		2C668C634F6639FEF0CE5F61 /* Pods */ = {
			isa = PBXGroup;
			children = (
				64F381AAE420008001B001F0 /* Pods.debug.xcconfig */,
				52046C08898C9B064E4AF239 /* Pods.release.xcconfig */,
			);
			name = Pods;
			sourceTree = "<group>";
		};
		5B4FE87E1BC4AB5B0057278F = {
			isa = PBXGroup;
			children = (
				5B4FE8891BC4AB5B0057278F /* FindemBeta */,
				5B4FE89F1BC4AB5B0057278F /* FindemBetaTests */,
				5B4FE8881BC4AB5B0057278F /* Products */,
				2C668C634F6639FEF0CE5F61 /* Pods */,
				DDA72263B29F215BDE7AC0C5 /* Frameworks */,
			);
			sourceTree = "<group>";
		};
		5B4FE8881BC4AB5B0057278F /* Products */ = {
			isa = PBXGroup;
			children = (
				5B4FE8871BC4AB5B0057278F /* FindemBeta.app */,
				5B4FE89C1BC4AB5B0057278F /* FindemBetaTests.xctest */,
			);
			name = Products;
			sourceTree = "<group>";
		};
		5B4FE8891BC4AB5B0057278F /* FindemBeta */ = {
			isa = PBXGroup;
			children = (
				5B4FE88C1BC4AB5B0057278F /* AppDelegate.swift */,
				5BE7FC2F1BF2C58800E1A6B8 /* Data */,
				5BE7FC301BF2C59500E1A6B8 /* ViewControllers */,
				5BE7FC311BF2C5A600E1A6B8 /* Views */,
				5B4FE8901BC4AB5B0057278F /* Main.storyboard */,
				5B41E92D1C0BF22800FA1474 /* LoadView.xib */,
				5BEDB38D1C39D442005A80E7 /* SlidingMenu.xib */,
				5B4FE8931BC4AB5B0057278F /* Images.xcassets */,
				5B4FE8951BC4AB5B0057278F /* LaunchScreen.xib */,
				5B4FE8C61BC4AF960057278F /* Frameworks */,
				5B4FE88A1BC4AB5B0057278F /* Supporting Files */,
			);
			path = FindemBeta;
			sourceTree = "<group>";
		};
		5B4FE88A1BC4AB5B0057278F /* Supporting Files */ = {
			isa = PBXGroup;
			children = (
				5BED451A1C1FC5470077E80F /* Bridging-Header.h */,
				5B4FE88B1BC4AB5B0057278F /* Info.plist */,
			);
			name = "Supporting Files";
			sourceTree = "<group>";
		};
		5B4FE89F1BC4AB5B0057278F /* FindemBetaTests */ = {
			isa = PBXGroup;
			children = (
				5B4FE8A21BC4AB5B0057278F /* FindemBetaTests.swift */,
				5B4FE8A01BC4AB5B0057278F /* Supporting Files */,
			);
			path = FindemBetaTests;
			sourceTree = "<group>";
		};
		5B4FE8A01BC4AB5B0057278F /* Supporting Files */ = {
			isa = PBXGroup;
			children = (
				5B4FE8A11BC4AB5B0057278F /* Info.plist */,
			);
			name = "Supporting Files";
			sourceTree = "<group>";
		};
		5B4FE8C61BC4AF960057278F /* Frameworks */ = {
			isa = PBXGroup;
			children = (
				5BACC6701BE6EB2F00EB4972 /* ParseFacebookUtilsV4.framework */,
				5B4FE8C71BC4B9D10057278F /* FBSDKCoreKit.framework */,
				5B4FE8C81BC4B9D10057278F /* FBSDKLoginKit.framework */,
				5B4FE8C41BC4AE2C0057278F /* libsqlite3.dylib */,
				5B4FE8C21BC4AE0D0057278F /* libz.dylib */,
				5B4FE8C01BC4AE020057278F /* SystemConfiguration.framework */,
				5B4FE8BE1BC4ADFB0057278F /* StoreKit.framework */,
				5B4FE8BC1BC4ADF50057278F /* Security.framework */,
				5B4FE8BA1BC4ADE90057278F /* QuartzCore.framework */,
				5B4FE8B81BC4ADDC0057278F /* CoreLocation.framework */,
				5B4FE8B61BC4ADD50057278F /* CoreGraphics.framework */,
				5B4FE8B41BC4ADCF0057278F /* CFNetwork.framework */,
				5B4FE8B21BC4ADC40057278F /* AudioToolbox.framework */,
				5B4FE8AC1BC4ACAC0057278F /* Bolts.framework */,
				5B4FE8AD1BC4ACAC0057278F /* Parse.framework */,
			);
			name = Frameworks;
			sourceTree = "<group>";
		};
		5BE7FC2F1BF2C58800E1A6B8 /* Data */ = {
			isa = PBXGroup;
			children = (
				5BE868D81BE95F3D00A9B256 /* User.swift */,
				5B41E9291C06D23700FA1474 /* Trainer.swift */,
				5BF007181C1A667500E3961A /* Connection.swift */,
				5BF4176E1C20E30D00EC9AB5 /* Message.swift */,
				5B4E82B01C7EA56000E97000 /* DrawSeperationLineView.swift */,
			);
			name = Data;
			sourceTree = "<group>";
		};
		5BE7FC301BF2C59500E1A6B8 /* ViewControllers */ = {
			isa = PBXGroup;
			children = (
				5BACC6691BE6C28E00EB4972 /* StartUpViewController.swift */,
				5BACC66B1BE6C2F800EB4972 /* LoginViewController.swift */,
				5BED7B061C1E7B140015B38D /* ChatViewController.swift */,
				5BE9F2441C03F52300BDAE1F /* Trainer */,
				5BE9F2451C03F53F00BDAE1F /* Finder */,
			);
			name = ViewControllers;
			sourceTree = "<group>";
		};
		5BE7FC311BF2C5A600E1A6B8 /* Views */ = {
			isa = PBXGroup;
			children = (
				5BF98CFE1BF04EF2008DA586 /* FirstTableViewCell.swift */,
				5BEE43AF1C682A9800AC5D9B /* ClubProfileTableViewCell.swift */,
				5B5982BE1C7D2D4B0080D592 /* MobileProfileTableViewCell.swift */,
				5BF98D001BF04F04008DA586 /* SecondTableViewCell.swift */,
				5BF98D021BF04F1D008DA586 /* ThirdTableViewCell.swift */,
				5BEE24BF1BF99EC500BBC10E /* FourthTableViewCell.swift */,
				5BE6E5421BFBED03001BA5F7 /* FifthTableViewCell.swift */,
				5BE0A0D81BFD37E100F5A3D4 /* SixthTableViewCell.swift */,
				5BF325471C475ED2002C096A /* SeventhTableViewCell.swift */,
				5BED7D861C62C0FC00CFF9B3 /* EighthTableViewCell.swift */,
				5BEBB6821BF1943100B60CF2 /* TrainingTableViewCell.swift */,
				5BE9625F1BF492EC00E9C2FD /* QualificationsTableViewCell.swift */,
				5BE879E11C068C0F00D783D0 /* SearchResultTableViewCell.swift */,
				5BF437EB1C0E74CD00828023 /* SearchCollectionViewCell.swift */,
				5BF007161C1A45E200E3961A /* MessagesTableViewCell.swift */,
				5BF426FB1C2789B600271569 /* FinderMessageTableViewCell.swift */,
				5BEE63941C73FD14003E89A6 /* InAppPurchaseTableViewCell.swift */,
				5BE7D1471C869B040030A0B1 /* FirstTrainerProfileTableViewCell.swift */,
				5BE7D1491C869B190030A0B1 /* SecondTrainerProfileTableViewCell.swift */,
			);
			name = Views;
			sourceTree = "<group>";
		};
		5BE9F2441C03F52300BDAE1F /* Trainer */ = {
			isa = PBXGroup;
			children = (
				5BACC6721BE7149500EB4972 /* TrainerHomeViewController.swift */,
				5BF98D061BF05FEF008DA586 /* TrainerProfileViewController.swift */,
				5BF98D081BF06FDE008DA586 /* TrainerProfileGeneralViewController.swift */,
				5BEBB6801BF1911500B60CF2 /* TrainerTrainingTypesViewController.swift */,
				5BE9625D1BF48F3E00E9C2FD /* TrainerQualificationsViewController.swift */,
				5BEE43B11C682F2B00AC5D9B /* TrainerClubViewController.swift */,
				5BEE24C11BF9A7ED00BBC10E /* TrainerRegionViewController.swift */,
				5BE6E5401BFBDE23001BA5F7 /* TrainerDescriptionViewController.swift */,
				5BE0A0D61BFD367B00F5A3D4 /* TrainerOtherViewController.swift */,
				5BF3254B1C477997002C096A /* TrainerSessionTimesViewController.swift */,
				5BED7D881C62CF0900CFF9B3 /* TrainerSocialNetworkingViewController.swift */,
				5BF0071A1C1A967E00E3961A /* TrainerMessagesViewController.swift */,
				5BEE63921C73FC54003E89A6 /* TrainerInAppPurchaseViewController.swift */,
			);
			name = Trainer;
			sourceTree = "<group>";
		};
		5BE9F2451C03F53F00BDAE1F /* Finder */ = {
			isa = PBXGroup;
			children = (
				5BEE63901C7176EC003E89A6 /* FinderSelectTrainerTypeViewController.swift */,
				5BE9FFB31C02B7BA009A2E28 /* FinderSearchViewController.swift */,
				5BE879DF1C068AA900D783D0 /* FinderSearchResultViewController.swift */,
				5BF221361C18525C001ADCDE /* FinderTrainerProfileViewController.swift */,
				5BDD9DB01C0FC364006CF0BF /* FinderRefineSearchViewController.swift */,
				5BF138271C3C7BC20060E57A /* FinderMessagesViewController.swift */,
				5BEE63961C7BCA67003E89A6 /* FinderConnectionViewController.swift */,
				5BEDB38F1C39D543005A80E7 /* FinderSlidingMenu.swift */,
			);
			name = Finder;
			sourceTree = "<group>";
		};
		DDA72263B29F215BDE7AC0C5 /* Frameworks */ = {
			isa = PBXGroup;
			children = (
				FFC3B2D92A9ECE47B3FC57E6 /* libPods.a */,
			);
			name = Frameworks;
			sourceTree = "<group>";
		};
/* End PBXGroup section */

/* Begin PBXNativeTarget section */
		5B4FE8861BC4AB5B0057278F /* FindemBeta */ = {
			isa = PBXNativeTarget;
			buildConfigurationList = 5B4FE8A61BC4AB5B0057278F /* Build configuration list for PBXNativeTarget "FindemBeta" */;
			buildPhases = (
				D06DA202E83213033815E741 /* Check Pods Manifest.lock */,
				5B4FE8831BC4AB5B0057278F /* Sources */,
				5B4FE8841BC4AB5B0057278F /* Frameworks */,
				5B4FE8851BC4AB5B0057278F /* Resources */,
				FA1D0FB3ED1BC251747CEBA7 /* Embed Pods Frameworks */,
				68F5EE2668739014EB8FA8B3 /* Copy Pods Resources */,
			);
			buildRules = (
			);
			dependencies = (
			);
			name = FindemBeta;
			productName = FindemBeta;
			productReference = 5B4FE8871BC4AB5B0057278F /* FindemBeta.app */;
			productType = "com.apple.product-type.application";
		};
		5B4FE89B1BC4AB5B0057278F /* FindemBetaTests */ = {
			isa = PBXNativeTarget;
			buildConfigurationList = 5B4FE8A91BC4AB5B0057278F /* Build configuration list for PBXNativeTarget "FindemBetaTests" */;
			buildPhases = (
				5B4FE8981BC4AB5B0057278F /* Sources */,
				5B4FE8991BC4AB5B0057278F /* Frameworks */,
				5B4FE89A1BC4AB5B0057278F /* Resources */,
			);
			buildRules = (
			);
			dependencies = (
				5B4FE89E1BC4AB5B0057278F /* PBXTargetDependency */,
			);
			name = FindemBetaTests;
			productName = FindemBetaTests;
			productReference = 5B4FE89C1BC4AB5B0057278F /* FindemBetaTests.xctest */;
			productType = "com.apple.product-type.bundle.unit-test";
		};
/* End PBXNativeTarget section */

/* Begin PBXProject section */
		5B4FE87F1BC4AB5B0057278F /* Project object */ = {
			isa = PBXProject;
			attributes = {
				LastSwiftUpdateCheck = 0710;
				LastUpgradeCheck = 0710;
				ORGANIZATIONNAME = "Arash Sadeghieh Eshtehadi";
				TargetAttributes = {
					5B4FE8861BC4AB5B0057278F = {
						CreatedOnToolsVersion = 6.4;
						DevelopmentTeam = VPE64C2824;
					};
					5B4FE89B1BC4AB5B0057278F = {
						CreatedOnToolsVersion = 6.4;
						TestTargetID = 5B4FE8861BC4AB5B0057278F;
					};
				};
			};
			buildConfigurationList = 5B4FE8821BC4AB5B0057278F /* Build configuration list for PBXProject "FindemBeta" */;
			compatibilityVersion = "Xcode 3.2";
			developmentRegion = English;
			hasScannedForEncodings = 0;
			knownRegions = (
				en,
				Base,
			);
			mainGroup = 5B4FE87E1BC4AB5B0057278F;
			productRefGroup = 5B4FE8881BC4AB5B0057278F /* Products */;
			projectDirPath = "";
			projectRoot = "";
			targets = (
				5B4FE8861BC4AB5B0057278F /* FindemBeta */,
				5B4FE89B1BC4AB5B0057278F /* FindemBetaTests */,
			);
		};
/* End PBXProject section */

/* Begin PBXResourcesBuildPhase section */
		5B4FE8851BC4AB5B0057278F /* Resources */ = {
			isa = PBXResourcesBuildPhase;
			buildActionMask = 2147483647;
			files = (
				5B41E92E1C0BF22800FA1474 /* LoadView.xib in Resources */,
				5B4FE8921BC4AB5B0057278F /* Main.storyboard in Resources */,
				5BEDB38E1C39D442005A80E7 /* SlidingMenu.xib in Resources */,
				5B4FE8971BC4AB5B0057278F /* LaunchScreen.xib in Resources */,
				5B4FE8941BC4AB5B0057278F /* Images.xcassets in Resources */,
			);
			runOnlyForDeploymentPostprocessing = 0;
		};
		5B4FE89A1BC4AB5B0057278F /* Resources */ = {
			isa = PBXResourcesBuildPhase;
			buildActionMask = 2147483647;
			files = (
			);
			runOnlyForDeploymentPostprocessing = 0;
		};
/* End PBXResourcesBuildPhase section */

/* Begin PBXShellScriptBuildPhase section */
		68F5EE2668739014EB8FA8B3 /* Copy Pods Resources */ = {
			isa = PBXShellScriptBuildPhase;
			buildActionMask = 2147483647;
			files = (
			);
			inputPaths = (
			);
			name = "Copy Pods Resources";
			outputPaths = (
			);
			runOnlyForDeploymentPostprocessing = 0;
			shellPath = /bin/sh;
			shellScript = "\"${SRCROOT}/Pods/Target Support Files/Pods/Pods-resources.sh\"\n";
			showEnvVarsInLog = 0;
		};
		D06DA202E83213033815E741 /* Check Pods Manifest.lock */ = {
			isa = PBXShellScriptBuildPhase;
			buildActionMask = 2147483647;
			files = (
			);
			inputPaths = (
			);
			name = "Check Pods Manifest.lock";
			outputPaths = (
			);
			runOnlyForDeploymentPostprocessing = 0;
			shellPath = /bin/sh;
			shellScript = "diff \"${PODS_ROOT}/../Podfile.lock\" \"${PODS_ROOT}/Manifest.lock\" > /dev/null\nif [[ $? != 0 ]] ; then\n    cat << EOM\nerror: The sandbox is not in sync with the Podfile.lock. Run 'pod install' or update your CocoaPods installation.\nEOM\n    exit 1\nfi\n";
			showEnvVarsInLog = 0;
		};
		FA1D0FB3ED1BC251747CEBA7 /* Embed Pods Frameworks */ = {
			isa = PBXShellScriptBuildPhase;
			buildActionMask = 2147483647;
			files = (
			);
			inputPaths = (
			);
			name = "Embed Pods Frameworks";
			outputPaths = (
			);
			runOnlyForDeploymentPostprocessing = 0;
			shellPath = /bin/sh;
			shellScript = "\"${SRCROOT}/Pods/Target Support Files/Pods/Pods-frameworks.sh\"\n";
			showEnvVarsInLog = 0;
		};
/* End PBXShellScriptBuildPhase section */

/* Begin PBXSourcesBuildPhase section */
		5B4FE8831BC4AB5B0057278F /* Sources */ = {
			isa = PBXSourcesBuildPhase;
			buildActionMask = 2147483647;
			files = (
				5BF98CFF1BF04EF2008DA586 /* FirstTableViewCell.swift in Sources */,
				5BF98D091BF06FDE008DA586 /* TrainerProfileGeneralViewController.swift in Sources */,
				5BE7D1481C869B040030A0B1 /* FirstTrainerProfileTableViewCell.swift in Sources */,
				5B4E82B11C7EA56000E97000 /* DrawSeperationLineView.swift in Sources */,
				5BF007171C1A45E200E3961A /* MessagesTableViewCell.swift in Sources */,
				5BF4176F1C20E30D00EC9AB5 /* Message.swift in Sources */,
				5BE0A0D71BFD367B00F5A3D4 /* TrainerOtherViewController.swift in Sources */,
				5BF98D031BF04F1D008DA586 /* ThirdTableViewCell.swift in Sources */,
				5BEE63951C73FD14003E89A6 /* InAppPurchaseTableViewCell.swift in Sources */,
				5BF426FC1C2789B600271569 /* FinderMessageTableViewCell.swift in Sources */,
				5BEE63971C7BCA68003E89A6 /* FinderConnectionViewController.swift in Sources */,
				5BE6E5431BFBED03001BA5F7 /* FifthTableViewCell.swift in Sources */,
				5B41E92A1C06D23700FA1474 /* Trainer.swift in Sources */,
				5BE879E01C068AA900D783D0 /* FinderSearchResultViewController.swift in Sources */,
				5BEE63911C7176EC003E89A6 /* FinderSelectTrainerTypeViewController.swift in Sources */,
				5BE879E21C068C0F00D783D0 /* SearchResultTableViewCell.swift in Sources */,
				5BF0071B1C1A967E00E3961A /* TrainerMessagesViewController.swift in Sources */,
				5BF437EC1C0E74CD00828023 /* SearchCollectionViewCell.swift in Sources */,
				5BF325481C475ED2002C096A /* SeventhTableViewCell.swift in Sources */,
				5BF3254C1C477997002C096A /* TrainerSessionTimesViewController.swift in Sources */,
				5BE6E5411BFBDE23001BA5F7 /* TrainerDescriptionViewController.swift in Sources */,
				5BE9FFB41C02B7BA009A2E28 /* FinderSearchViewController.swift in Sources */,
				5BE0A0D91BFD37E100F5A3D4 /* SixthTableViewCell.swift in Sources */,
				5BACC66C1BE6C2F800EB4972 /* LoginViewController.swift in Sources */,
				5BED7B071C1E7B140015B38D /* ChatViewController.swift in Sources */,
				5BF98D071BF05FF0008DA586 /* TrainerProfileViewController.swift in Sources */,
				5BEE24C01BF99EC500BBC10E /* FourthTableViewCell.swift in Sources */,
				5BED7D871C62C0FC00CFF9B3 /* EighthTableViewCell.swift in Sources */,
				5BEE43B21C682F2B00AC5D9B /* TrainerClubViewController.swift in Sources */,
				5BF138281C3C7BC20060E57A /* FinderMessagesViewController.swift in Sources */,
				5BDD9DB11C0FC364006CF0BF /* FinderRefineSearchViewController.swift in Sources */,
				5BF221371C18525C001ADCDE /* FinderTrainerProfileViewController.swift in Sources */,
				5B5982BF1C7D2D4B0080D592 /* MobileProfileTableViewCell.swift in Sources */,
				5BEBB6831BF1943100B60CF2 /* TrainingTableViewCell.swift in Sources */,
				5BE9625E1BF48F3E00E9C2FD /* TrainerQualificationsViewController.swift in Sources */,
				5BACC66A1BE6C28E00EB4972 /* StartUpViewController.swift in Sources */,
				5B4FE88D1BC4AB5B0057278F /* AppDelegate.swift in Sources */,
				5BE868D91BE95F3D00A9B256 /* User.swift in Sources */,
				5BEDB3901C39D543005A80E7 /* FinderSlidingMenu.swift in Sources */,
				5BEBB6811BF1911500B60CF2 /* TrainerTrainingTypesViewController.swift in Sources */,
				5BEE63931C73FC54003E89A6 /* TrainerInAppPurchaseViewController.swift in Sources */,
				5BF007191C1A667500E3961A /* Connection.swift in Sources */,
				5BED7D891C62CF0900CFF9B3 /* TrainerSocialNetworkingViewController.swift in Sources */,
				5BEE43B01C682A9800AC5D9B /* ClubProfileTableViewCell.swift in Sources */,
				5BEE24C21BF9A7ED00BBC10E /* TrainerRegionViewController.swift in Sources */,
				5BE7D14A1C869B190030A0B1 /* SecondTrainerProfileTableViewCell.swift in Sources */,
				5BE962601BF492EC00E9C2FD /* QualificationsTableViewCell.swift in Sources */,
				5BF98D011BF04F04008DA586 /* SecondTableViewCell.swift in Sources */,
				5BACC6731BE7149500EB4972 /* TrainerHomeViewController.swift in Sources */,
			);
			runOnlyForDeploymentPostprocessing = 0;
		};
		5B4FE8981BC4AB5B0057278F /* Sources */ = {
			isa = PBXSourcesBuildPhase;
			buildActionMask = 2147483647;
			files = (
				5B4FE8A31BC4AB5B0057278F /* FindemBetaTests.swift in Sources */,
			);
			runOnlyForDeploymentPostprocessing = 0;
		};
/* End PBXSourcesBuildPhase section */

/* Begin PBXTargetDependency section */
		5B4FE89E1BC4AB5B0057278F /* PBXTargetDependency */ = {
			isa = PBXTargetDependency;
			target = 5B4FE8861BC4AB5B0057278F /* FindemBeta */;
			targetProxy = 5B4FE89D1BC4AB5B0057278F /* PBXContainerItemProxy */;
		};
/* End PBXTargetDependency section */

/* Begin PBXVariantGroup section */
		5B4FE8901BC4AB5B0057278F /* Main.storyboard */ = {
			isa = PBXVariantGroup;
			children = (
				5B4FE8911BC4AB5B0057278F /* Base */,
			);
			name = Main.storyboard;
			sourceTree = "<group>";
		};
		5B4FE8951BC4AB5B0057278F /* LaunchScreen.xib */ = {
			isa = PBXVariantGroup;
			children = (
				5B4FE8961BC4AB5B0057278F /* Base */,
			);
			name = LaunchScreen.xib;
			sourceTree = "<group>";
		};
/* End PBXVariantGroup section */

/* Begin XCBuildConfiguration section */
		5B4FE8A41BC4AB5B0057278F /* Debug */ = {
			isa = XCBuildConfiguration;
			buildSettings = {
				ALWAYS_SEARCH_USER_PATHS = NO;
				CLANG_CXX_LANGUAGE_STANDARD = "gnu++0x";
				CLANG_CXX_LIBRARY = "libc++";
				CLANG_ENABLE_MODULES = YES;
				CLANG_ENABLE_OBJC_ARC = YES;
				CLANG_WARN_BOOL_CONVERSION = YES;
				CLANG_WARN_CONSTANT_CONVERSION = YES;
				CLANG_WARN_DIRECT_OBJC_ISA_USAGE = YES_ERROR;
				CLANG_WARN_EMPTY_BODY = YES;
				CLANG_WARN_ENUM_CONVERSION = YES;
				CLANG_WARN_INT_CONVERSION = YES;
				CLANG_WARN_OBJC_ROOT_CLASS = YES_ERROR;
				CLANG_WARN_UNREACHABLE_CODE = YES;
				CLANG_WARN__DUPLICATE_METHOD_MATCH = YES;
				"CODE_SIGN_IDENTITY[sdk=iphoneos*]" = "iPhone Developer";
				COPY_PHASE_STRIP = NO;
				DEBUG_INFORMATION_FORMAT = "dwarf-with-dsym";
				ENABLE_STRICT_OBJC_MSGSEND = YES;
				ENABLE_TESTABILITY = YES;
				GCC_C_LANGUAGE_STANDARD = gnu99;
				GCC_DYNAMIC_NO_PIC = NO;
				GCC_NO_COMMON_BLOCKS = YES;
				GCC_OPTIMIZATION_LEVEL = 0;
				GCC_PREPROCESSOR_DEFINITIONS = (
					"DEBUG=1",
					"$(inherited)",
				);
				GCC_SYMBOLS_PRIVATE_EXTERN = NO;
				GCC_WARN_64_TO_32_BIT_CONVERSION = YES;
				GCC_WARN_ABOUT_RETURN_TYPE = YES_ERROR;
				GCC_WARN_UNDECLARED_SELECTOR = YES;
				GCC_WARN_UNINITIALIZED_AUTOS = YES_AGGRESSIVE;
				GCC_WARN_UNUSED_FUNCTION = YES;
				GCC_WARN_UNUSED_VARIABLE = YES;
				IPHONEOS_DEPLOYMENT_TARGET = 8.0;
				MTL_ENABLE_DEBUG_INFO = YES;
				ONLY_ACTIVE_ARCH = YES;
				SDKROOT = iphoneos;
				SWIFT_OPTIMIZATION_LEVEL = "-Onone";
				TARGETED_DEVICE_FAMILY = "1,2";
			};
			name = Debug;
		};
		5B4FE8A51BC4AB5B0057278F /* Release */ = {
			isa = XCBuildConfiguration;
			buildSettings = {
				ALWAYS_SEARCH_USER_PATHS = NO;
				CLANG_CXX_LANGUAGE_STANDARD = "gnu++0x";
				CLANG_CXX_LIBRARY = "libc++";
				CLANG_ENABLE_MODULES = YES;
				CLANG_ENABLE_OBJC_ARC = YES;
				CLANG_WARN_BOOL_CONVERSION = YES;
				CLANG_WARN_CONSTANT_CONVERSION = YES;
				CLANG_WARN_DIRECT_OBJC_ISA_USAGE = YES_ERROR;
				CLANG_WARN_EMPTY_BODY = YES;
				CLANG_WARN_ENUM_CONVERSION = YES;
				CLANG_WARN_INT_CONVERSION = YES;
				CLANG_WARN_OBJC_ROOT_CLASS = YES_ERROR;
				CLANG_WARN_UNREACHABLE_CODE = YES;
				CLANG_WARN__DUPLICATE_METHOD_MATCH = YES;
				"CODE_SIGN_IDENTITY[sdk=iphoneos*]" = "iPhone Developer";
				COPY_PHASE_STRIP = NO;
				DEBUG_INFORMATION_FORMAT = "dwarf-with-dsym";
				ENABLE_NS_ASSERTIONS = NO;
				ENABLE_STRICT_OBJC_MSGSEND = YES;
				GCC_C_LANGUAGE_STANDARD = gnu99;
				GCC_NO_COMMON_BLOCKS = YES;
				GCC_WARN_64_TO_32_BIT_CONVERSION = YES;
				GCC_WARN_ABOUT_RETURN_TYPE = YES_ERROR;
				GCC_WARN_UNDECLARED_SELECTOR = YES;
				GCC_WARN_UNINITIALIZED_AUTOS = YES_AGGRESSIVE;
				GCC_WARN_UNUSED_FUNCTION = YES;
				GCC_WARN_UNUSED_VARIABLE = YES;
				IPHONEOS_DEPLOYMENT_TARGET = 8.0;
				MTL_ENABLE_DEBUG_INFO = NO;
				SDKROOT = iphoneos;
				TARGETED_DEVICE_FAMILY = "1,2";
				VALIDATE_PRODUCT = YES;
			};
			name = Release;
		};
		5B4FE8A71BC4AB5B0057278F /* Debug */ = {
			isa = XCBuildConfiguration;
			baseConfigurationReference = 64F381AAE420008001B001F0 /* Pods.debug.xcconfig */;
			buildSettings = {
				ASSETCATALOG_COMPILER_APPICON_NAME = AppIcon;
				CODE_SIGN_IDENTITY = "iPhone Developer";
				ENABLE_BITCODE = NO;
				FRAMEWORK_SEARCH_PATHS = (
					"$(inherited)",
					"$(PROJECT_DIR)/FindemBeta",
				);
				INFOPLIST_FILE = FindemBeta/Info.plist;
				IPHONEOS_DEPLOYMENT_TARGET = 9.0;
				LD_RUNPATH_SEARCH_PATHS = "$(inherited) @executable_path/Frameworks";
				PRODUCT_BUNDLE_IDENTIFIER = "io.treepi.$(PRODUCT_NAME:rfc1034identifier)";
				PRODUCT_NAME = "$(TARGET_NAME)";
				SWIFT_OBJC_BRIDGING_HEADER = "FindemBeta/Bridging-Header.h";
				TARGETED_DEVICE_FAMILY = 1;
			};
			name = Debug;
		};
		5B4FE8A81BC4AB5B0057278F /* Release */ = {
			isa = XCBuildConfiguration;
			baseConfigurationReference = 52046C08898C9B064E4AF239 /* Pods.release.xcconfig */;
			buildSettings = {
				ASSETCATALOG_COMPILER_APPICON_NAME = AppIcon;
				CODE_SIGN_IDENTITY = "iPhone Developer";
				ENABLE_BITCODE = NO;
				FRAMEWORK_SEARCH_PATHS = (
					"$(inherited)",
					"$(PROJECT_DIR)/FindemBeta",
				);
				INFOPLIST_FILE = FindemBeta/Info.plist;
				IPHONEOS_DEPLOYMENT_TARGET = 9.0;
				LD_RUNPATH_SEARCH_PATHS = "$(inherited) @executable_path/Frameworks";
				PRODUCT_BUNDLE_IDENTIFIER = "io.treepi.$(PRODUCT_NAME:rfc1034identifier)";
				PRODUCT_NAME = "$(TARGET_NAME)";
				SWIFT_OBJC_BRIDGING_HEADER = "FindemBeta/Bridging-Header.h";
				TARGETED_DEVICE_FAMILY = 1;
			};
			name = Release;
		};
		5B4FE8AA1BC4AB5B0057278F /* Debug */ = {
			isa = XCBuildConfiguration;
			buildSettings = {
				BUNDLE_LOADER = "$(TEST_HOST)";
				FRAMEWORK_SEARCH_PATHS = (
					"$(SDKROOT)/Developer/Library/Frameworks",
					"$(inherited)",
				);
				GCC_PREPROCESSOR_DEFINITIONS = (
					"DEBUG=1",
					"$(inherited)",
				);
				INFOPLIST_FILE = FindemBetaTests/Info.plist;
				LD_RUNPATH_SEARCH_PATHS = "$(inherited) @executable_path/Frameworks @loader_path/Frameworks";
				PRODUCT_BUNDLE_IDENTIFIER = "io.treepi.$(PRODUCT_NAME:rfc1034identifier)";
				PRODUCT_NAME = "$(TARGET_NAME)";
				TEST_HOST = "$(BUILT_PRODUCTS_DIR)/FindemBeta.app/FindemBeta";
			};
			name = Debug;
		};
		5B4FE8AB1BC4AB5B0057278F /* Release */ = {
			isa = XCBuildConfiguration;
			buildSettings = {
				BUNDLE_LOADER = "$(TEST_HOST)";
				FRAMEWORK_SEARCH_PATHS = (
					"$(SDKROOT)/Developer/Library/Frameworks",
					"$(inherited)",
				);
				INFOPLIST_FILE = FindemBetaTests/Info.plist;
				LD_RUNPATH_SEARCH_PATHS = "$(inherited) @executable_path/Frameworks @loader_path/Frameworks";
				PRODUCT_BUNDLE_IDENTIFIER = "io.treepi.$(PRODUCT_NAME:rfc1034identifier)";
				PRODUCT_NAME = "$(TARGET_NAME)";
				TEST_HOST = "$(BUILT_PRODUCTS_DIR)/FindemBeta.app/FindemBeta";
			};
			name = Release;
		};
/* End XCBuildConfiguration section */

/* Begin XCConfigurationList section */
		5B4FE8821BC4AB5B0057278F /* Build configuration list for PBXProject "FindemBeta" */ = {
			isa = XCConfigurationList;
			buildConfigurations = (
				5B4FE8A41BC4AB5B0057278F /* Debug */,
				5B4FE8A51BC4AB5B0057278F /* Release */,
			);
			defaultConfigurationIsVisible = 0;
			defaultConfigurationName = Release;
		};
		5B4FE8A61BC4AB5B0057278F /* Build configuration list for PBXNativeTarget "FindemBeta" */ = {
			isa = XCConfigurationList;
			buildConfigurations = (
				5B4FE8A71BC4AB5B0057278F /* Debug */,
				5B4FE8A81BC4AB5B0057278F /* Release */,
			);
			defaultConfigurationIsVisible = 0;
			defaultConfigurationName = Release;
		};
		5B4FE8A91BC4AB5B0057278F /* Build configuration list for PBXNativeTarget "FindemBetaTests" */ = {
			isa = XCConfigurationList;
			buildConfigurations = (
				5B4FE8AA1BC4AB5B0057278F /* Debug */,
				5B4FE8AB1BC4AB5B0057278F /* Release */,
			);
			defaultConfigurationIsVisible = 0;
			defaultConfigurationName = Release;
		};
/* End XCConfigurationList section */
	};
	rootObject = 5B4FE87F1BC4AB5B0057278F /* Project object */;
}
